
Microsoft Visual Studio Solution File, Format Version 12.00
# Visual Studio Version 16
VisualStudioVersion = 16.0.29009.5
MinimumVisualStudioVersion = 10.0.40219.1
Project("{FAE04EC0-301F-11D3-BF4B-00C04F79EFBC}") = "BookingSite", "BookingSite.csproj", "{35583855-1E64-42E6-A0C2-A26CBB110072}"
EndProject
Global
	GlobalSection(SolutionConfigurationPlatforms) = preSolution
		Debug|Any CPU = Debug|Any CPU
		Release|Any CPU = Release|Any CPU
	EndGlobalSection
	GlobalSection(ProjectConfigurationPlatforms) = postSolution
		{35583855-1E64-42E6-A0C2-A26CBB110072}.Debug|Any CPU.ActiveCfg = Debug|Any CPU
		{35583855-1E64-42E6-A0C2-A26CBB110072}.Debug|Any CPU.Build.0 = Debug|Any CPU
		{35583855-1E64-42E6-A0C2-A26CBB110072}.Release|Any CPU.ActiveCfg = Release|Any CPU
		{35583855-1E64-42E6-A0C2-A26CBB110072}.Release|Any CPU.Build.0 = Release|Any CPU
	EndGlobalSection
	GlobalSection(SolutionProperties) = preSolution
		HideSolutionNode = FALSE
	EndGlobalSection
	GlobalSection(ExtensibilityGlobals) = postSolution
		SolutionGuid = {DD255CAB-4C7D-4919-99F4-139369DC48F6}
	EndGlobalSection
EndGlobal
